
Microsoft Visual Studio Solution File, Format Version 12.00
# Visual Studio Version 17
VisualStudioVersion = 17.10.35004.147
MinimumVisualStudioVersion = 10.0.40219.1
Project("{2150E333-8FDC-42A3-9474-1A3956D46DE8}") = "1.InterfazUsuario", "1.InterfazUsuario", "{503699A3-D74B-4F36-83FB-5B8FCE025B5C}"
EndProject
Project("{2150E333-8FDC-42A3-9474-1A3956D46DE8}") = "2.Aplicacion", "2.Aplicacion", "{03050980-0ED9-40BE-B658-D7E78E0C2FF0}"
EndProject
Project("{FAE04EC0-301F-11D3-BF4B-00C04F79EFBC}") = "CM.App.Aplicacion", "CM.App.Aplicacion\CM.App.Aplicacion.csproj", "{77BDEABC-CD01-4033-8C10-61232CD2E349}"
	ProjectSection(ProjectDependencies) = postProject
		{25B0342F-9601-47ED-BCB7-88670EA6AE98} = {25B0342F-9601-47ED-BCB7-88670EA6AE98}
		{5D259CC9-9EBB-4AD4-8C91-CB8012AE7D2D} = {5D259CC9-9EBB-4AD4-8C91-CB8012AE7D2D}
		{BB83349C-A468-433D-8339-B19877727483} = {BB83349C-A468-433D-8339-B19877727483}
	EndProjectSection
EndProject
Project("{FAE04EC0-301F-11D3-BF4B-00C04F79EFBC}") = "CM.App.AplicacionDTO", "CM.App.AplicacionDTO\CM.App.AplicacionDTO.csproj", "{75D99484-F7B1-4DCC-9E12-BFC60B8E86BF}"
EndProject
Project("{2150E333-8FDC-42A3-9474-1A3956D46DE8}") = "3.Dominio", "3.Dominio", "{FF1251B5-A568-4663-ADB6-21AEE21AF8AA}"
EndProject
Project("{FAE04EC0-301F-11D3-BF4B-00C04F79EFBC}") = "CM.Dominio.Modelo", "CM.Dominio.Modelo\CM.Dominio.Modelo.csproj", "{25B0342F-9601-47ED-BCB7-88670EA6AE98}"
EndProject
Project("{FAE04EC0-301F-11D3-BF4B-00C04F79EFBC}") = "CM.Dominio.Servicio", "CM.Dominio.Servicio\CM.Dominio.Servicio.csproj", "{BB83349C-A468-433D-8339-B19877727483}"
EndProject
Project("{2150E333-8FDC-42A3-9474-1A3956D46DE8}") = "4.Infraestructura", "4.Infraestructura", "{AE4D097B-13B9-40CC-A14C-1186A7CB0E84}"
EndProject
Project("{FAE04EC0-301F-11D3-BF4B-00C04F79EFBC}") = "CM.InfraAccesoDatos", "CM.InfraAccesoDatos\CM.InfraAccesoDatos.csproj", "{5D259CC9-9EBB-4AD4-8C91-CB8012AE7D2D}"
	ProjectSection(ProjectDependencies) = postProject
		{BB83349C-A468-433D-8339-B19877727483} = {BB83349C-A468-433D-8339-B19877727483}
	EndProjectSection
EndProject
Project("{2150E333-8FDC-42A3-9474-1A3956D46DE8}") = "5.Test", "5.Test", "{27786E86-D84E-44F6-BB65-DD9629B30913}"
EndProject
Project("{FAE04EC0-301F-11D3-BF4B-00C04F79EFBC}") = "UnitTest", "UnitTest\UnitTest.csproj", "{5A6B419D-5838-4753-AB8D-80F2B3747D04}"
	ProjectSection(ProjectDependencies) = postProject
		{25B0342F-9601-47ED-BCB7-88670EA6AE98} = {25B0342F-9601-47ED-BCB7-88670EA6AE98}
		{77BDEABC-CD01-4033-8C10-61232CD2E349} = {77BDEABC-CD01-4033-8C10-61232CD2E349}
	EndProjectSection
EndProject
Project("{FAE04EC0-301F-11D3-BF4B-00C04F79EFBC}") = "CM.UI.Windows", "CM.UI.Window\CM.UI.Windows.csproj", "{79D7993D-27C4-4DF8-8BC8-28A00F2BA0FD}"
	ProjectSection(ProjectDependencies) = postProject
		{25B0342F-9601-47ED-BCB7-88670EA6AE98} = {25B0342F-9601-47ED-BCB7-88670EA6AE98}
		{5D259CC9-9EBB-4AD4-8C91-CB8012AE7D2D} = {5D259CC9-9EBB-4AD4-8C91-CB8012AE7D2D}
		{77BDEABC-CD01-4033-8C10-61232CD2E349} = {77BDEABC-CD01-4033-8C10-61232CD2E349}
	EndProjectSection
EndProject
Global
	GlobalSection(SolutionConfigurationPlatforms) = preSolution
		Debug|Any CPU = Debug|Any CPU
		Release|Any CPU = Release|Any CPU
	EndGlobalSection
	GlobalSection(ProjectConfigurationPlatforms) = postSolution
		{77BDEABC-CD01-4033-8C10-61232CD2E349}.Debug|Any CPU.ActiveCfg = Debug|Any CPU
		{77BDEABC-CD01-4033-8C10-61232CD2E349}.Debug|Any CPU.Build.0 = Debug|Any CPU
		{77BDEABC-CD01-4033-8C10-61232CD2E349}.Release|Any CPU.ActiveCfg = Release|Any CPU
		{77BDEABC-CD01-4033-8C10-61232CD2E349}.Release|Any CPU.Build.0 = Release|Any CPU
		{75D99484-F7B1-4DCC-9E12-BFC60B8E86BF}.Debug|Any CPU.ActiveCfg = Debug|Any CPU
		{75D99484-F7B1-4DCC-9E12-BFC60B8E86BF}.Debug|Any CPU.Build.0 = Debug|Any CPU
		{75D99484-F7B1-4DCC-9E12-BFC60B8E86BF}.Release|Any CPU.ActiveCfg = Release|Any CPU
		{75D99484-F7B1-4DCC-9E12-BFC60B8E86BF}.Release|Any CPU.Build.0 = Release|Any CPU
		{25B0342F-9601-47ED-BCB7-88670EA6AE98}.Debug|Any CPU.ActiveCfg = Debug|Any CPU
		{25B0342F-9601-47ED-BCB7-88670EA6AE98}.Debug|Any CPU.Build.0 = Debug|Any CPU
		{25B0342F-9601-47ED-BCB7-88670EA6AE98}.Release|Any CPU.ActiveCfg = Release|Any CPU
		{25B0342F-9601-47ED-BCB7-88670EA6AE98}.Release|Any CPU.Build.0 = Release|Any CPU
		{BB83349C-A468-433D-8339-B19877727483}.Debug|Any CPU.ActiveCfg = Debug|Any CPU
		{BB83349C-A468-433D-8339-B19877727483}.Debug|Any CPU.Build.0 = Debug|Any CPU
		{BB83349C-A468-433D-8339-B19877727483}.Release|Any CPU.ActiveCfg = Release|Any CPU
		{BB83349C-A468-433D-8339-B19877727483}.Release|Any CPU.Build.0 = Release|Any CPU
		{5D259CC9-9EBB-4AD4-8C91-CB8012AE7D2D}.Debug|Any CPU.ActiveCfg = Debug|Any CPU
		{5D259CC9-9EBB-4AD4-8C91-CB8012AE7D2D}.Debug|Any CPU.Build.0 = Debug|Any CPU
		{5D259CC9-9EBB-4AD4-8C91-CB8012AE7D2D}.Release|Any CPU.ActiveCfg = Release|Any CPU
		{5D259CC9-9EBB-4AD4-8C91-CB8012AE7D2D}.Release|Any CPU.Build.0 = Release|Any CPU
		{5A6B419D-5838-4753-AB8D-80F2B3747D04}.Debug|Any CPU.ActiveCfg = Debug|Any CPU
		{5A6B419D-5838-4753-AB8D-80F2B3747D04}.Debug|Any CPU.Build.0 = Debug|Any CPU
		{5A6B419D-5838-4753-AB8D-80F2B3747D04}.Release|Any CPU.ActiveCfg = Release|Any CPU
		{5A6B419D-5838-4753-AB8D-80F2B3747D04}.Release|Any CPU.Build.0 = Release|Any CPU
		{79D7993D-27C4-4DF8-8BC8-28A00F2BA0FD}.Debug|Any CPU.ActiveCfg = Debug|Any CPU
		{79D7993D-27C4-4DF8-8BC8-28A00F2BA0FD}.Debug|Any CPU.Build.0 = Debug|Any CPU
		{79D7993D-27C4-4DF8-8BC8-28A00F2BA0FD}.Release|Any CPU.ActiveCfg = Release|Any CPU
		{79D7993D-27C4-4DF8-8BC8-28A00F2BA0FD}.Release|Any CPU.Build.0 = Release|Any CPU
	EndGlobalSection
	GlobalSection(SolutionProperties) = preSolution
		HideSolutionNode = FALSE
	EndGlobalSection
	GlobalSection(NestedProjects) = preSolution
		{77BDEABC-CD01-4033-8C10-61232CD2E349} = {03050980-0ED9-40BE-B658-D7E78E0C2FF0}
		{75D99484-F7B1-4DCC-9E12-BFC60B8E86BF} = {03050980-0ED9-40BE-B658-D7E78E0C2FF0}
		{25B0342F-9601-47ED-BCB7-88670EA6AE98} = {FF1251B5-A568-4663-ADB6-21AEE21AF8AA}
		{BB83349C-A468-433D-8339-B19877727483} = {FF1251B5-A568-4663-ADB6-21AEE21AF8AA}
		{5D259CC9-9EBB-4AD4-8C91-CB8012AE7D2D} = {AE4D097B-13B9-40CC-A14C-1186A7CB0E84}
		{5A6B419D-5838-4753-AB8D-80F2B3747D04} = {27786E86-D84E-44F6-BB65-DD9629B30913}
		{79D7993D-27C4-4DF8-8BC8-28A00F2BA0FD} = {503699A3-D74B-4F36-83FB-5B8FCE025B5C}
	EndGlobalSection
	GlobalSection(ExtensibilityGlobals) = postSolution
		SolutionGuid = {661C2065-A8D2-435B-8B2A-F7FEFF7222F0}
	EndGlobalSection
EndGlobal
